
Microsoft Visual Studio Solution File, Format Version 12.00
# Visual Studio Version 16
VisualStudioVersion = 16.0.31624.102
MinimumVisualStudioVersion = 10.0.40219.1
Project("{8BC9CEB8-8B4A-11D0-8D11-00A0C91BC942}") = "VICTIM", "VICTIM.vcxproj", "{4AEE43A9-4162-4FA8-8C40-A5B4CE95769A}"
EndProject
Global
	GlobalSection(SolutionConfigurationPlatforms) = preSolution
		Debug|x64 = Debug|x64
		Debug|x86 = Debug|x86
		Release|x64 = Release|x64
		Release|x86 = Release|x86
	EndGlobalSection
	GlobalSection(ProjectConfigurationPlatforms) = postSolution
		{4AEE43A9-4162-4FA8-8C40-A5B4CE95769A}.Debug|x64.ActiveCfg = Debug|x64
		{4AEE43A9-4162-4FA8-8C40-A5B4CE95769A}.Debug|x64.Build.0 = Debug|x64
		{4AEE43A9-4162-4FA8-8C40-A5B4CE95769A}.Debug|x86.ActiveCfg = Debug|Win32
		{4AEE43A9-4162-4FA8-8C40-A5B4CE95769A}.Debug|x86.Build.0 = Debug|Win32
		{4AEE43A9-4162-4FA8-8C40-A5B4CE95769A}.Release|x64.ActiveCfg = Release|x64
		{4AEE43A9-4162-4FA8-8C40-A5B4CE95769A}.Release|x64.Build.0 = Release|x64
		{4AEE43A9-4162-4FA8-8C40-A5B4CE95769A}.Release|x86.ActiveCfg = Release|Win32
		{4AEE43A9-4162-4FA8-8C40-A5B4CE95769A}.Release|x86.Build.0 = Release|Win32
	EndGlobalSection
	GlobalSection(SolutionProperties) = preSolution
		HideSolutionNode = FALSE
	EndGlobalSection
	GlobalSection(ExtensibilityGlobals) = postSolution
		SolutionGuid = {16DD170F-DC1E-4369-B677-8A36EA08B5C8}
	EndGlobalSection
EndGlobal
